
Microsoft Visual Studio Solution File, Format Version 12.00
# Visual Studio Version 16
VisualStudioVersion = 16.0.30011.22
MinimumVisualStudioVersion = 10.0.40219.1
Project("{FAE04EC0-301F-11D3-BF4B-00C04F79EFBC}") = "EvalonAustralia", "EvalonAustralia\EvalonAustralia.csproj", "{5DFE744A-984F-4A39-8CAF-56FE2C0B1EA8}"
EndProject
Global
	GlobalSection(SolutionConfigurationPlatforms) = preSolution
		Debug|Any CPU = Debug|Any CPU
		Release|Any CPU = Release|Any CPU
	EndGlobalSection
	GlobalSection(ProjectConfigurationPlatforms) = postSolution
		{5DFE744A-984F-4A39-8CAF-56FE2C0B1EA8}.Debug|Any CPU.ActiveCfg = Debug|Any CPU
		{5DFE744A-984F-4A39-8CAF-56FE2C0B1EA8}.Debug|Any CPU.Build.0 = Debug|Any CPU
		{5DFE744A-984F-4A39-8CAF-56FE2C0B1EA8}.Release|Any CPU.ActiveCfg = Release|Any CPU
		{5DFE744A-984F-4A39-8CAF-56FE2C0B1EA8}.Release|Any CPU.Build.0 = Release|Any CPU
	EndGlobalSection
	GlobalSection(SolutionProperties) = preSolution
		HideSolutionNode = FALSE
	EndGlobalSection
	GlobalSection(ExtensibilityGlobals) = postSolution
		SolutionGuid = {6FA08E88-05FC-4E72-8F8D-5E1D9683C140}
	EndGlobalSection
EndGlobal
